
Microsoft Visual Studio Solution File, Format Version 12.00
# Visual Studio 15
VisualStudioVersion = 15.0.28307.489
MinimumVisualStudioVersion = 10.0.40219.1
Project("{FAE04EC0-301F-11D3-BF4B-00C04F79EFBC}") = "CSVColumnsAligner", "CSVColumnsAligner\CSVColumnsAligner.csproj", "{504E415E-0166-41C8-9A2D-0FA31880B23E}"
EndProject
Global
	GlobalSection(SolutionConfigurationPlatforms) = preSolution
		Debug|Any CPU = Debug|Any CPU
		Release|Any CPU = Release|Any CPU
	EndGlobalSection
	GlobalSection(ProjectConfigurationPlatforms) = postSolution
		{504E415E-0166-41C8-9A2D-0FA31880B23E}.Debug|Any CPU.ActiveCfg = Debug|Any CPU
		{504E415E-0166-41C8-9A2D-0FA31880B23E}.Debug|Any CPU.Build.0 = Debug|Any CPU
		{504E415E-0166-41C8-9A2D-0FA31880B23E}.Release|Any CPU.ActiveCfg = Release|Any CPU
		{504E415E-0166-41C8-9A2D-0FA31880B23E}.Release|Any CPU.Build.0 = Release|Any CPU
	EndGlobalSection
	GlobalSection(SolutionProperties) = preSolution
		HideSolutionNode = FALSE
	EndGlobalSection
	GlobalSection(ExtensibilityGlobals) = postSolution
		SolutionGuid = {9EE25EDB-8CDE-466A-B347-8AD04CBAE05E}
	EndGlobalSection
EndGlobal
